
Microsoft Visual Studio Solution File, Format Version 12.00
# Visual Studio 15
VisualStudioVersion = 15.0.26430.13
MinimumVisualStudioVersion = 10.0.40219.1
Project("{FAE04EC0-301F-11D3-BF4B-00C04F79EFBC}") = "DroneLander.Android", "DroneLander\DroneLander.Android\DroneLander.Android.csproj", "{02AA10A2-000F-46E6-985E-97BC6100E3FF}"
EndProject
Project("{FAE04EC0-301F-11D3-BF4B-00C04F79EFBC}") = "DroneLander", "DroneLander\DroneLander\DroneLander.csproj", "{7F406A3E-63F8-4250-B3AB-F3AD41404EB0}"
EndProject
Project("{FAE04EC0-301F-11D3-BF4B-00C04F79EFBC}") = "DroneLander.UWP", "DroneLander\DroneLander.UWP\DroneLander.UWP.csproj", "{630B9CF7-8F17-4CBA-B994-4083E8F2ADCF}"
EndProject
Project("{FAE04EC0-301F-11D3-BF4B-00C04F79EFBC}") = "DroneLander.iOS", "DroneLander\DroneLander.iOS\DroneLander.iOS.csproj", "{9D50BB55-19BF-4C3D-9959-352B279C839B}"
EndProject
Global
	GlobalSection(SolutionConfigurationPlatforms) = preSolution
		Ad-Hoc|Any CPU = Ad-Hoc|Any CPU
		Ad-Hoc|ARM = Ad-Hoc|ARM
		Ad-Hoc|iPhone = Ad-Hoc|iPhone
		Ad-Hoc|iPhoneSimulator = Ad-Hoc|iPhoneSimulator
		Ad-Hoc|x64 = Ad-Hoc|x64
		Ad-Hoc|x86 = Ad-Hoc|x86
		AppStore|Any CPU = AppStore|Any CPU
		AppStore|ARM = AppStore|ARM
		AppStore|iPhone = AppStore|iPhone
		AppStore|iPhoneSimulator = AppStore|iPhoneSimulator
		AppStore|x64 = AppStore|x64
		AppStore|x86 = AppStore|x86
		Debug|Any CPU = Debug|Any CPU
		Debug|ARM = Debug|ARM
		Debug|iPhone = Debug|iPhone
		Debug|iPhoneSimulator = Debug|iPhoneSimulator
		Debug|x64 = Debug|x64
		Debug|x86 = Debug|x86
		Release|Any CPU = Release|Any CPU
		Release|ARM = Release|ARM
		Release|iPhone = Release|iPhone
		Release|iPhoneSimulator = Release|iPhoneSimulator
		Release|x64 = Release|x64
		Release|x86 = Release|x86
	EndGlobalSection
	GlobalSection(ProjectConfigurationPlatforms) = postSolution
		{02AA10A2-000F-46E6-985E-97BC6100E3FF}.Ad-Hoc|Any CPU.ActiveCfg = Release|Any CPU
		{02AA10A2-000F-46E6-985E-97BC6100E3FF}.Ad-Hoc|Any CPU.Build.0 = Release|Any CPU
		{02AA10A2-000F-46E6-985E-97BC6100E3FF}.Ad-Hoc|Any CPU.Deploy.0 = Release|Any CPU
		{02AA10A2-000F-46E6-985E-97BC6100E3FF}.Ad-Hoc|ARM.ActiveCfg = Release|Any CPU
		{02AA10A2-000F-46E6-985E-97BC6100E3FF}.Ad-Hoc|ARM.Build.0 = Release|Any CPU
		{02AA10A2-000F-46E6-985E-97BC6100E3FF}.Ad-Hoc|ARM.Deploy.0 = Release|Any CPU
		{02AA10A2-000F-46E6-985E-97BC6100E3FF}.Ad-Hoc|iPhone.ActiveCfg = Release|Any CPU
		{02AA10A2-000F-46E6-985E-97BC6100E3FF}.Ad-Hoc|iPhone.Build.0 = Release|Any CPU
		{02AA10A2-000F-46E6-985E-97BC6100E3FF}.Ad-Hoc|iPhone.Deploy.0 = Release|Any CPU
		{02AA10A2-000F-46E6-985E-97BC6100E3FF}.Ad-Hoc|iPhoneSimulator.ActiveCfg = Release|Any CPU
		{02AA10A2-000F-46E6-985E-97BC6100E3FF}.Ad-Hoc|iPhoneSimulator.Build.0 = Release|Any CPU
		{02AA10A2-000F-46E6-985E-97BC6100E3FF}.Ad-Hoc|iPhoneSimulator.Deploy.0 = Release|Any CPU
		{02AA10A2-000F-46E6-985E-97BC6100E3FF}.Ad-Hoc|x64.ActiveCfg = Release|Any CPU
		{02AA10A2-000F-46E6-985E-97BC6100E3FF}.Ad-Hoc|x64.Build.0 = Release|Any CPU
		{02AA10A2-000F-46E6-985E-97BC6100E3FF}.Ad-Hoc|x64.Deploy.0 = Release|Any CPU
		{02AA10A2-000F-46E6-985E-97BC6100E3FF}.Ad-Hoc|x86.ActiveCfg = Release|Any CPU
		{02AA10A2-000F-46E6-985E-97BC6100E3FF}.Ad-Hoc|x86.Build.0 = Release|Any CPU
		{02AA10A2-000F-46E6-985E-97BC6100E3FF}.Ad-Hoc|x86.Deploy.0 = Release|Any CPU
		{02AA10A2-000F-46E6-985E-97BC6100E3FF}.AppStore|Any CPU.ActiveCfg = Release|Any CPU
		{02AA10A2-000F-46E6-985E-97BC6100E3FF}.AppStore|Any CPU.Build.0 = Release|Any CPU
		{02AA10A2-000F-46E6-985E-97BC6100E3FF}.AppStore|Any CPU.Deploy.0 = Release|Any CPU
		{02AA10A2-000F-46E6-985E-97BC6100E3FF}.AppStore|ARM.ActiveCfg = Release|Any CPU
		{02AA10A2-000F-46E6-985E-97BC6100E3FF}.AppStore|ARM.Build.0 = Release|Any CPU
		{02AA10A2-000F-46E6-985E-97BC6100E3FF}.AppStore|ARM.Deploy.0 = Release|Any CPU
		{02AA10A2-000F-46E6-985E-97BC6100E3FF}.AppStore|iPhone.ActiveCfg = Release|Any CPU
		{02AA10A2-000F-46E6-985E-97BC6100E3FF}.AppStore|iPhone.Build.0 = Release|Any CPU
		{02AA10A2-000F-46E6-985E-97BC6100E3FF}.AppStore|iPhone.Deploy.0 = Release|Any CPU
		{02AA10A2-000F-46E6-985E-97BC6100E3FF}.AppStore|iPhoneSimulator.ActiveCfg = Release|Any CPU
		{02AA10A2-000F-46E6-985E-97BC6100E3FF}.AppStore|iPhoneSimulator.Build.0 = Release|Any CPU
		{02AA10A2-000F-46E6-985E-97BC6100E3FF}.AppStore|iPhoneSimulator.Deploy.0 = Release|Any CPU
		{02AA10A2-000F-46E6-985E-97BC6100E3FF}.AppStore|x64.ActiveCfg = Release|Any CPU
		{02AA10A2-000F-46E6-985E-97BC6100E3FF}.AppStore|x64.Build.0 = Release|Any CPU
		{02AA10A2-000F-46E6-985E-97BC6100E3FF}.AppStore|x64.Deploy.0 = Release|Any CPU
		{02AA10A2-000F-46E6-985E-97BC6100E3FF}.AppStore|x86.ActiveCfg = Release|Any CPU
		{02AA10A2-000F-46E6-985E-97BC6100E3FF}.AppStore|x86.Build.0 = Release|Any CPU
		{02AA10A2-000F-46E6-985E-97BC6100E3FF}.AppStore|x86.Deploy.0 = Release|Any CPU
		{02AA10A2-000F-46E6-985E-97BC6100E3FF}.Debug|Any CPU.ActiveCfg = Debug|Any CPU
		{02AA10A2-000F-46E6-985E-97BC6100E3FF}.Debug|Any CPU.Build.0 = Debug|Any CPU
		{02AA10A2-000F-46E6-985E-97BC6100E3FF}.Debug|Any CPU.Deploy.0 = Debug|Any CPU
		{02AA10A2-000F-46E6-985E-97BC6100E3FF}.Debug|ARM.ActiveCfg = Debug|Any CPU
		{02AA10A2-000F-46E6-985E-97BC6100E3FF}.Debug|ARM.Build.0 = Debug|Any CPU
		{02AA10A2-000F-46E6-985E-97BC6100E3FF}.Debug|ARM.Deploy.0 = Debug|Any CPU
		{02AA10A2-000F-46E6-985E-97BC6100E3FF}.Debug|iPhone.ActiveCfg = Debug|Any CPU
		{02AA10A2-000F-46E6-985E-97BC6100E3FF}.Debug|iPhone.Build.0 = Debug|Any CPU
		{02AA10A2-000F-46E6-985E-97BC6100E3FF}.Debug|iPhone.Deploy.0 = Debug|Any CPU
		{02AA10A2-000F-46E6-985E-97BC6100E3FF}.Debug|iPhoneSimulator.ActiveCfg = Debug|Any CPU
		{02AA10A2-000F-46E6-985E-97BC6100E3FF}.Debug|iPhoneSimulator.Build.0 = Debug|Any CPU
		{02AA10A2-000F-46E6-985E-97BC6100E3FF}.Debug|iPhoneSimulator.Deploy.0 = Debug|Any CPU
		{02AA10A2-000F-46E6-985E-97BC6100E3FF}.Debug|x64.ActiveCfg = Debug|Any CPU
		{02AA10A2-000F-46E6-985E-97BC6100E3FF}.Debug|x64.Build.0 = Debug|Any CPU
		{02AA10A2-000F-46E6-985E-97BC6100E3FF}.Debug|x64.Deploy.0 = Debug|Any CPU
		{02AA10A2-000F-46E6-985E-97BC6100E3FF}.Debug|x86.ActiveCfg = Debug|Any CPU
		{02AA10A2-000F-46E6-985E-97BC6100E3FF}.Debug|x86.Build.0 = Debug|Any CPU
		{02AA10A2-000F-46E6-985E-97BC6100E3FF}.Debug|x86.Deploy.0 = Debug|Any CPU
		{02AA10A2-000F-46E6-985E-97BC6100E3FF}.Release|Any CPU.ActiveCfg = Release|Any CPU
		{02AA10A2-000F-46E6-985E-97BC6100E3FF}.Release|Any CPU.Build.0 = Release|Any CPU
		{02AA10A2-000F-46E6-985E-97BC6100E3FF}.Release|Any CPU.Deploy.0 = Release|Any CPU
		{02AA10A2-000F-46E6-985E-97BC6100E3FF}.Release|ARM.ActiveCfg = Release|Any CPU
		{02AA10A2-000F-46E6-985E-97BC6100E3FF}.Release|ARM.Build.0 = Release|Any CPU
		{02AA10A2-000F-46E6-985E-97BC6100E3FF}.Release|ARM.Deploy.0 = Release|Any CPU
		{02AA10A2-000F-46E6-985E-97BC6100E3FF}.Release|iPhone.ActiveCfg = Release|Any CPU
		{02AA10A2-000F-46E6-985E-97BC6100E3FF}.Release|iPhone.Build.0 = Release|Any CPU
		{02AA10A2-000F-46E6-985E-97BC6100E3FF}.Release|iPhone.Deploy.0 = Release|Any CPU
		{02AA10A2-000F-46E6-985E-97BC6100E3FF}.Release|iPhoneSimulator.ActiveCfg = Release|Any CPU
		{02AA10A2-000F-46E6-985E-97BC6100E3FF}.Release|iPhoneSimulator.Build.0 = Release|Any CPU
		{02AA10A2-000F-46E6-985E-97BC6100E3FF}.Release|iPhoneSimulator.Deploy.0 = Release|Any CPU
		{02AA10A2-000F-46E6-985E-97BC6100E3FF}.Release|x64.ActiveCfg = Release|Any CPU
		{02AA10A2-000F-46E6-985E-97BC6100E3FF}.Release|x64.Build.0 = Release|Any CPU
		{02AA10A2-000F-46E6-985E-97BC6100E3FF}.Release|x64.Deploy.0 = Release|Any CPU
		{02AA10A2-000F-46E6-985E-97BC6100E3FF}.Release|x86.ActiveCfg = Release|Any CPU
		{02AA10A2-000F-46E6-985E-97BC6100E3FF}.Release|x86.Build.0 = Release|Any CPU
		{02AA10A2-000F-46E6-985E-97BC6100E3FF}.Release|x86.Deploy.0 = Release|Any CPU
		{7F406A3E-63F8-4250-B3AB-F3AD41404EB0}.Ad-Hoc|Any CPU.ActiveCfg = Release|Any CPU
		{7F406A3E-63F8-4250-B3AB-F3AD41404EB0}.Ad-Hoc|Any CPU.Build.0 = Release|Any CPU
		{7F406A3E-63F8-4250-B3AB-F3AD41404EB0}.Ad-Hoc|ARM.ActiveCfg = Release|Any CPU
		{7F406A3E-63F8-4250-B3AB-F3AD41404EB0}.Ad-Hoc|ARM.Build.0 = Release|Any CPU
		{7F406A3E-63F8-4250-B3AB-F3AD41404EB0}.Ad-Hoc|iPhone.ActiveCfg = Release|Any CPU
		{7F406A3E-63F8-4250-B3AB-F3AD41404EB0}.Ad-Hoc|iPhone.Build.0 = Release|Any CPU
		{7F406A3E-63F8-4250-B3AB-F3AD41404EB0}.Ad-Hoc|iPhoneSimulator.ActiveCfg = Release|Any CPU
		{7F406A3E-63F8-4250-B3AB-F3AD41404EB0}.Ad-Hoc|iPhoneSimulator.Build.0 = Release|Any CPU
		{7F406A3E-63F8-4250-B3AB-F3AD41404EB0}.Ad-Hoc|x64.ActiveCfg = Release|Any CPU
		{7F406A3E-63F8-4250-B3AB-F3AD41404EB0}.Ad-Hoc|x64.Build.0 = Release|Any CPU
		{7F406A3E-63F8-4250-B3AB-F3AD41404EB0}.Ad-Hoc|x86.ActiveCfg = Release|Any CPU
		{7F406A3E-63F8-4250-B3AB-F3AD41404EB0}.Ad-Hoc|x86.Build.0 = Release|Any CPU
		{7F406A3E-63F8-4250-B3AB-F3AD41404EB0}.AppStore|Any CPU.ActiveCfg = Release|Any CPU
		{7F406A3E-63F8-4250-B3AB-F3AD41404EB0}.AppStore|Any CPU.Build.0 = Release|Any CPU
		{7F406A3E-63F8-4250-B3AB-F3AD41404EB0}.AppStore|ARM.ActiveCfg = Release|Any CPU
		{7F406A3E-63F8-4250-B3AB-F3AD41404EB0}.AppStore|ARM.Build.0 = Release|Any CPU
		{7F406A3E-63F8-4250-B3AB-F3AD41404EB0}.AppStore|iPhone.ActiveCfg = Release|Any CPU
		{7F406A3E-63F8-4250-B3AB-F3AD41404EB0}.AppStore|iPhone.Build.0 = Release|Any CPU
		{7F406A3E-63F8-4250-B3AB-F3AD41404EB0}.AppStore|iPhoneSimulator.ActiveCfg = Release|Any CPU
		{7F406A3E-63F8-4250-B3AB-F3AD41404EB0}.AppStore|iPhoneSimulator.Build.0 = Release|Any CPU
		{7F406A3E-63F8-4250-B3AB-F3AD41404EB0}.AppStore|x64.ActiveCfg = Release|Any CPU
		{7F406A3E-63F8-4250-B3AB-F3AD41404EB0}.AppStore|x64.Build.0 = Release|Any CPU
		{7F406A3E-63F8-4250-B3AB-F3AD41404EB0}.AppStore|x86.ActiveCfg = Release|Any CPU
		{7F406A3E-63F8-4250-B3AB-F3AD41404EB0}.AppStore|x86.Build.0 = Release|Any CPU
		{7F406A3E-63F8-4250-B3AB-F3AD41404EB0}.Debug|Any CPU.ActiveCfg = Debug|Any CPU
		{7F406A3E-63F8-4250-B3AB-F3AD41404EB0}.Debug|Any CPU.Build.0 = Debug|Any CPU
		{7F406A3E-63F8-4250-B3AB-F3AD41404EB0}.Debug|ARM.ActiveCfg = Debug|Any CPU
		{7F406A3E-63F8-4250-B3AB-F3AD41404EB0}.Debug|ARM.Build.0 = Debug|Any CPU
		{7F406A3E-63F8-4250-B3AB-F3AD41404EB0}.Debug|iPhone.ActiveCfg = Debug|Any CPU
		{7F406A3E-63F8-4250-B3AB-F3AD41404EB0}.Debug|iPhone.Build.0 = Debug|Any CPU
		{7F406A3E-63F8-4250-B3AB-F3AD41404EB0}.Debug|iPhoneSimulator.ActiveCfg = Debug|Any CPU
		{7F406A3E-63F8-4250-B3AB-F3AD41404EB0}.Debug|iPhoneSimulator.Build.0 = Debug|Any CPU
		{7F406A3E-63F8-4250-B3AB-F3AD41404EB0}.Debug|x64.ActiveCfg = Debug|Any CPU
		{7F406A3E-63F8-4250-B3AB-F3AD41404EB0}.Debug|x64.Build.0 = Debug|Any CPU
		{7F406A3E-63F8-4250-B3AB-F3AD41404EB0}.Debug|x86.ActiveCfg = Debug|Any CPU
		{7F406A3E-63F8-4250-B3AB-F3AD41404EB0}.Debug|x86.Build.0 = Debug|Any CPU
		{7F406A3E-63F8-4250-B3AB-F3AD41404EB0}.Release|Any CPU.ActiveCfg = Release|Any CPU
		{7F406A3E-63F8-4250-B3AB-F3AD41404EB0}.Release|Any CPU.Build.0 = Release|Any CPU
		{7F406A3E-63F8-4250-B3AB-F3AD41404EB0}.Release|ARM.ActiveCfg = Release|Any CPU
		{7F406A3E-63F8-4250-B3AB-F3AD41404EB0}.Release|ARM.Build.0 = Release|Any CPU
		{7F406A3E-63F8-4250-B3AB-F3AD41404EB0}.Release|iPhone.ActiveCfg = Release|Any CPU
		{7F406A3E-63F8-4250-B3AB-F3AD41404EB0}.Release|iPhone.Build.0 = Release|Any CPU
		{7F406A3E-63F8-4250-B3AB-F3AD41404EB0}.Release|iPhoneSimulator.ActiveCfg = Release|Any CPU
		{7F406A3E-63F8-4250-B3AB-F3AD41404EB0}.Release|iPhoneSimulator.Build.0 = Release|Any CPU
		{7F406A3E-63F8-4250-B3AB-F3AD41404EB0}.Release|x64.ActiveCfg = Release|Any CPU
		{7F406A3E-63F8-4250-B3AB-F3AD41404EB0}.Release|x64.Build.0 = Release|Any CPU
		{7F406A3E-63F8-4250-B3AB-F3AD41404EB0}.Release|x86.ActiveCfg = Release|Any CPU
		{7F406A3E-63F8-4250-B3AB-F3AD41404EB0}.Release|x86.Build.0 = Release|Any CPU
		{630B9CF7-8F17-4CBA-B994-4083E8F2ADCF}.Ad-Hoc|Any CPU.ActiveCfg = Release|x86
		{630B9CF7-8F17-4CBA-B994-4083E8F2ADCF}.Ad-Hoc|Any CPU.Build.0 = Release|x86
		{630B9CF7-8F17-4CBA-B994-4083E8F2ADCF}.Ad-Hoc|Any CPU.Deploy.0 = Release|x86
		{630B9CF7-8F17-4CBA-B994-4083E8F2ADCF}.Ad-Hoc|ARM.ActiveCfg = Release|ARM
		{630B9CF7-8F17-4CBA-B994-4083E8F2ADCF}.Ad-Hoc|ARM.Build.0 = Release|ARM
		{630B9CF7-8F17-4CBA-B994-4083E8F2ADCF}.Ad-Hoc|ARM.Deploy.0 = Release|ARM
		{630B9CF7-8F17-4CBA-B994-4083E8F2ADCF}.Ad-Hoc|iPhone.ActiveCfg = Release|x86
		{630B9CF7-8F17-4CBA-B994-4083E8F2ADCF}.Ad-Hoc|iPhone.Build.0 = Release|x86
		{630B9CF7-8F17-4CBA-B994-4083E8F2ADCF}.Ad-Hoc|iPhone.Deploy.0 = Release|x86
		{630B9CF7-8F17-4CBA-B994-4083E8F2ADCF}.Ad-Hoc|iPhoneSimulator.ActiveCfg = Release|x86
		{630B9CF7-8F17-4CBA-B994-4083E8F2ADCF}.Ad-Hoc|iPhoneSimulator.Build.0 = Release|x86
		{630B9CF7-8F17-4CBA-B994-4083E8F2ADCF}.Ad-Hoc|iPhoneSimulator.Deploy.0 = Release|x86
		{630B9CF7-8F17-4CBA-B994-4083E8F2ADCF}.Ad-Hoc|x64.ActiveCfg = Release|x64
		{630B9CF7-8F17-4CBA-B994-4083E8F2ADCF}.Ad-Hoc|x64.Build.0 = Release|x64
		{630B9CF7-8F17-4CBA-B994-4083E8F2ADCF}.Ad-Hoc|x64.Deploy.0 = Release|x64
		{630B9CF7-8F17-4CBA-B994-4083E8F2ADCF}.Ad-Hoc|x86.ActiveCfg = Release|x86
		{630B9CF7-8F17-4CBA-B994-4083E8F2ADCF}.Ad-Hoc|x86.Build.0 = Release|x86
		{630B9CF7-8F17-4CBA-B994-4083E8F2ADCF}.Ad-Hoc|x86.Deploy.0 = Release|x86
		{630B9CF7-8F17-4CBA-B994-4083E8F2ADCF}.AppStore|Any CPU.ActiveCfg = Release|x86
		{630B9CF7-8F17-4CBA-B994-4083E8F2ADCF}.AppStore|Any CPU.Build.0 = Release|x86
		{630B9CF7-8F17-4CBA-B994-4083E8F2ADCF}.AppStore|Any CPU.Deploy.0 = Release|x86
		{630B9CF7-8F17-4CBA-B994-4083E8F2ADCF}.AppStore|ARM.ActiveCfg = Release|ARM
		{630B9CF7-8F17-4CBA-B994-4083E8F2ADCF}.AppStore|ARM.Build.0 = Release|ARM
		{630B9CF7-8F17-4CBA-B994-4083E8F2ADCF}.AppStore|ARM.Deploy.0 = Release|ARM
		{630B9CF7-8F17-4CBA-B994-4083E8F2ADCF}.AppStore|iPhone.ActiveCfg = Release|x86
		{630B9CF7-8F17-4CBA-B994-4083E8F2ADCF}.AppStore|iPhone.Build.0 = Release|x86
		{630B9CF7-8F17-4CBA-B994-4083E8F2ADCF}.AppStore|iPhone.Deploy.0 = Release|x86
		{630B9CF7-8F17-4CBA-B994-4083E8F2ADCF}.AppStore|iPhoneSimulator.ActiveCfg = Release|x86
		{630B9CF7-8F17-4CBA-B994-4083E8F2ADCF}.AppStore|iPhoneSimulator.Build.0 = Release|x86
		{630B9CF7-8F17-4CBA-B994-4083E8F2ADCF}.AppStore|iPhoneSimulator.Deploy.0 = Release|x86
		{630B9CF7-8F17-4CBA-B994-4083E8F2ADCF}.AppStore|x64.ActiveCfg = Release|x64
		{630B9CF7-8F17-4CBA-B994-4083E8F2ADCF}.AppStore|x64.Build.0 = Release|x64
		{630B9CF7-8F17-4CBA-B994-4083E8F2ADCF}.AppStore|x64.Deploy.0 = Release|x64
		{630B9CF7-8F17-4CBA-B994-4083E8F2ADCF}.AppStore|x86.ActiveCfg = Release|x86
		{630B9CF7-8F17-4CBA-B994-4083E8F2ADCF}.AppStore|x86.Build.0 = Release|x86
		{630B9CF7-8F17-4CBA-B994-4083E8F2ADCF}.AppStore|x86.Deploy.0 = Release|x86
		{630B9CF7-8F17-4CBA-B994-4083E8F2ADCF}.Debug|Any CPU.ActiveCfg = Debug|x86
		{630B9CF7-8F17-4CBA-B994-4083E8F2ADCF}.Debug|Any CPU.Build.0 = Debug|x86
		{630B9CF7-8F17-4CBA-B994-4083E8F2ADCF}.Debug|Any CPU.Deploy.0 = Debug|x86
		{630B9CF7-8F17-4CBA-B994-4083E8F2ADCF}.Debug|ARM.ActiveCfg = Debug|ARM
		{630B9CF7-8F17-4CBA-B994-4083E8F2ADCF}.Debug|ARM.Build.0 = Debug|ARM
		{630B9CF7-8F17-4CBA-B994-4083E8F2ADCF}.Debug|ARM.Deploy.0 = Debug|ARM
		{630B9CF7-8F17-4CBA-B994-4083E8F2ADCF}.Debug|iPhone.ActiveCfg = Debug|x86
		{630B9CF7-8F17-4CBA-B994-4083E8F2ADCF}.Debug|iPhoneSimulator.ActiveCfg = Debug|x86
		{630B9CF7-8F17-4CBA-B994-4083E8F2ADCF}.Debug|x64.ActiveCfg = Debug|x64
		{630B9CF7-8F17-4CBA-B994-4083E8F2ADCF}.Debug|x64.Build.0 = Debug|x64
		{630B9CF7-8F17-4CBA-B994-4083E8F2ADCF}.Debug|x64.Deploy.0 = Debug|x64
		{630B9CF7-8F17-4CBA-B994-4083E8F2ADCF}.Debug|x86.ActiveCfg = Debug|x86
		{630B9CF7-8F17-4CBA-B994-4083E8F2ADCF}.Debug|x86.Build.0 = Debug|x86
		{630B9CF7-8F17-4CBA-B994-4083E8F2ADCF}.Debug|x86.Deploy.0 = Debug|x86
		{630B9CF7-8F17-4CBA-B994-4083E8F2ADCF}.Release|Any CPU.ActiveCfg = Release|x86
		{630B9CF7-8F17-4CBA-B994-4083E8F2ADCF}.Release|Any CPU.Build.0 = Release|x86
		{630B9CF7-8F17-4CBA-B994-4083E8F2ADCF}.Release|Any CPU.Deploy.0 = Release|x86
		{630B9CF7-8F17-4CBA-B994-4083E8F2ADCF}.Release|ARM.ActiveCfg = Release|ARM
		{630B9CF7-8F17-4CBA-B994-4083E8F2ADCF}.Release|ARM.Build.0 = Release|ARM
		{630B9CF7-8F17-4CBA-B994-4083E8F2ADCF}.Release|ARM.Deploy.0 = Release|ARM
		{630B9CF7-8F17-4CBA-B994-4083E8F2ADCF}.Release|iPhone.ActiveCfg = Release|x86
		{630B9CF7-8F17-4CBA-B994-4083E8F2ADCF}.Release|iPhoneSimulator.ActiveCfg = Release|x86
		{630B9CF7-8F17-4CBA-B994-4083E8F2ADCF}.Release|x64.ActiveCfg = Release|x64
		{630B9CF7-8F17-4CBA-B994-4083E8F2ADCF}.Release|x64.Build.0 = Release|x64
		{630B9CF7-8F17-4CBA-B994-4083E8F2ADCF}.Release|x64.Deploy.0 = Release|x64
		{630B9CF7-8F17-4CBA-B994-4083E8F2ADCF}.Release|x86.ActiveCfg = Release|x86
		{630B9CF7-8F17-4CBA-B994-4083E8F2ADCF}.Release|x86.Build.0 = Release|x86
		{630B9CF7-8F17-4CBA-B994-4083E8F2ADCF}.Release|x86.Deploy.0 = Release|x86
		{9D50BB55-19BF-4C3D-9959-352B279C839B}.Ad-Hoc|Any CPU.ActiveCfg = Ad-Hoc|iPhone
		{9D50BB55-19BF-4C3D-9959-352B279C839B}.Ad-Hoc|ARM.ActiveCfg = Ad-Hoc|iPhone
		{9D50BB55-19BF-4C3D-9959-352B279C839B}.Ad-Hoc|iPhone.ActiveCfg = Ad-Hoc|iPhone
		{9D50BB55-19BF-4C3D-9959-352B279C839B}.Ad-Hoc|iPhone.Build.0 = Ad-Hoc|iPhone
		{9D50BB55-19BF-4C3D-9959-352B279C839B}.Ad-Hoc|iPhoneSimulator.ActiveCfg = Ad-Hoc|iPhoneSimulator
		{9D50BB55-19BF-4C3D-9959-352B279C839B}.Ad-Hoc|iPhoneSimulator.Build.0 = Ad-Hoc|iPhoneSimulator
		{9D50BB55-19BF-4C3D-9959-352B279C839B}.Ad-Hoc|x64.ActiveCfg = Ad-Hoc|iPhone
		{9D50BB55-19BF-4C3D-9959-352B279C839B}.Ad-Hoc|x86.ActiveCfg = Ad-Hoc|iPhone
		{9D50BB55-19BF-4C3D-9959-352B279C839B}.AppStore|Any CPU.ActiveCfg = AppStore|iPhone
		{9D50BB55-19BF-4C3D-9959-352B279C839B}.AppStore|ARM.ActiveCfg = AppStore|iPhone
		{9D50BB55-19BF-4C3D-9959-352B279C839B}.AppStore|iPhone.ActiveCfg = AppStore|iPhone
		{9D50BB55-19BF-4C3D-9959-352B279C839B}.AppStore|iPhone.Build.0 = AppStore|iPhone
		{9D50BB55-19BF-4C3D-9959-352B279C839B}.AppStore|iPhoneSimulator.ActiveCfg = AppStore|iPhoneSimulator
		{9D50BB55-19BF-4C3D-9959-352B279C839B}.AppStore|iPhoneSimulator.Build.0 = AppStore|iPhoneSimulator
		{9D50BB55-19BF-4C3D-9959-352B279C839B}.AppStore|x64.ActiveCfg = AppStore|iPhone
		{9D50BB55-19BF-4C3D-9959-352B279C839B}.AppStore|x86.ActiveCfg = AppStore|iPhone
		{9D50BB55-19BF-4C3D-9959-352B279C839B}.Debug|Any CPU.ActiveCfg = Debug|iPhone
		{9D50BB55-19BF-4C3D-9959-352B279C839B}.Debug|ARM.ActiveCfg = Debug|iPhone
		{9D50BB55-19BF-4C3D-9959-352B279C839B}.Debug|iPhone.ActiveCfg = Debug|iPhone
		{9D50BB55-19BF-4C3D-9959-352B279C839B}.Debug|iPhone.Build.0 = Debug|iPhone
		{9D50BB55-19BF-4C3D-9959-352B279C839B}.Debug|iPhoneSimulator.ActiveCfg = Debug|iPhoneSimulator
		{9D50BB55-19BF-4C3D-9959-352B279C839B}.Debug|iPhoneSimulator.Build.0 = Debug|iPhoneSimulator
		{9D50BB55-19BF-4C3D-9959-352B279C839B}.Debug|x64.ActiveCfg = Debug|iPhone
		{9D50BB55-19BF-4C3D-9959-352B279C839B}.Debug|x86.ActiveCfg = Debug|iPhone
		{9D50BB55-19BF-4C3D-9959-352B279C839B}.Release|Any CPU.ActiveCfg = Release|iPhone
		{9D50BB55-19BF-4C3D-9959-352B279C839B}.Release|ARM.ActiveCfg = Release|iPhone
		{9D50BB55-19BF-4C3D-9959-352B279C839B}.Release|iPhone.ActiveCfg = Release|iPhone
		{9D50BB55-19BF-4C3D-9959-352B279C839B}.Release|iPhone.Build.0 = Release|iPhone
		{9D50BB55-19BF-4C3D-9959-352B279C839B}.Release|iPhoneSimulator.ActiveCfg = Release|iPhoneSimulator
		{9D50BB55-19BF-4C3D-9959-352B279C839B}.Release|iPhoneSimulator.Build.0 = Release|iPhoneSimulator
		{9D50BB55-19BF-4C3D-9959-352B279C839B}.Release|x64.ActiveCfg = Release|iPhone
		{9D50BB55-19BF-4C3D-9959-352B279C839B}.Release|x86.ActiveCfg = Release|iPhone
	EndGlobalSection
	GlobalSection(SolutionProperties) = preSolution
		HideSolutionNode = FALSE
	EndGlobalSection
EndGlobal
